
Microsoft Visual Studio Solution File, Format Version 12.00
# Visual Studio Version 16
VisualStudioVersion = 16.0.33328.57
MinimumVisualStudioVersion = 10.0.40219.1
Project("{FAE04EC0-301F-11D3-BF4B-00C04F79EFBC}") = "api.net", "api.net\api.net.csproj", "{9DE981E9-0120-4B1C-B4E6-EB8D806C28C4}"
EndProject
Global
	GlobalSection(SolutionConfigurationPlatforms) = preSolution
		Debug|Any CPU = Debug|Any CPU
		Release|Any CPU = Release|Any CPU
	EndGlobalSection
	GlobalSection(ProjectConfigurationPlatforms) = postSolution
		{9DE981E9-0120-4B1C-B4E6-EB8D806C28C4}.Debug|Any CPU.ActiveCfg = Debug|Any CPU
		{9DE981E9-0120-4B1C-B4E6-EB8D806C28C4}.Debug|Any CPU.Build.0 = Debug|Any CPU
		{9DE981E9-0120-4B1C-B4E6-EB8D806C28C4}.Release|Any CPU.ActiveCfg = Release|Any CPU
		{9DE981E9-0120-4B1C-B4E6-EB8D806C28C4}.Release|Any CPU.Build.0 = Release|Any CPU
	EndGlobalSection
	GlobalSection(SolutionProperties) = preSolution
		HideSolutionNode = FALSE
	EndGlobalSection
	GlobalSection(ExtensibilityGlobals) = postSolution
		SolutionGuid = {3D0EE4F5-C28F-41FD-A1C1-DFC2A2A0111D}
	EndGlobalSection
EndGlobal
